// !$*UTF8*$!
{
	archiveVersion = 1;
	classes = {
	};
	objectVersion = 55;
	objects = {

/* Begin PBXBuildFile section */
		1F72777328740C5D00D7FA59 /* main.m in Sources */ = {isa = PBXBuildFile; fileRef = 1F72777228740C5D00D7FA59 /* main.m */; };
		1F72777B28740CFE00D7FA59 /* Fraction.m in Sources */ = {isa = PBXBuildFile; fileRef = 1F72777A28740CFE00D7FA59 /* Fraction.m */; };
		1F72777E2874202500D7FA59 /* FractionMathOps.m in Sources */ = {isa = PBXBuildFile; fileRef = 1F72777D2874202500D7FA59 /* FractionMathOps.m */; };
		1F72778128742A8300D7FA59 /* FractionReduce.m in Sources */ = {isa = PBXBuildFile; fileRef = 1F72778028742A8300D7FA59 /* FractionReduce.m */; };
/* End PBXBuildFile section */

/* Begin PBXCopyFilesBuildPhase section */
		1F72776D28740C5D00D7FA59 /* CopyFiles */ = {
			isa = PBXCopyFilesBuildPhase;
			buildActionMask = 2147483647;
			dstPath = /usr/share/man/man1/;
			dstSubfolderSpec = 0;
			files = (
			);
			runOnlyForDeploymentPostprocessing = 1;
		};
/* End PBXCopyFilesBuildPhase section */

/* Begin PBXFileReference section */
		1F72776F28740C5D00D7FA59 /* prog5 */ = {isa = PBXFileReference; explicitFileType = "compiled.mach-o.executable"; includeInIndex = 0; path = prog5; sourceTree = BUILT_PRODUCTS_DIR; };
		1F72777228740C5D00D7FA59 /* main.m */ = {isa = PBXFileReference; lastKnownFileType = sourcecode.c.objc; path = main.m; sourceTree = "<group>"; };
		1F72777928740CFE00D7FA59 /* Fraction.h */ = {isa = PBXFileReference; lastKnownFileType = sourcecode.c.h; path = Fraction.h; sourceTree = "<group>"; };
		1F72777A28740CFE00D7FA59 /* Fraction.m */ = {isa = PBXFileReference; lastKnownFileType = sourcecode.c.objc; path = Fraction.m; sourceTree = "<group>"; };
		1F72777C2874202500D7FA59 /* FractionMathOps.h */ = {isa = PBXFileReference; lastKnownFileType = sourcecode.c.h; path = FractionMathOps.h; sourceTree = "<group>"; };
		1F72777D2874202500D7FA59 /* FractionMathOps.m */ = {isa = PBXFileReference; lastKnownFileType = sourcecode.c.objc; path = FractionMathOps.m; sourceTree = "<group>"; };
		1F72778028742A8300D7FA59 /* FractionReduce.m */ = {isa = PBXFileReference; lastKnownFileType = sourcecode.c.objc; path = FractionReduce.m; sourceTree = "<group>"; };
/* End PBXFileReference section */

/* Begin PBXFrameworksBuildPhase section */
		1F72776C28740C5D00D7FA59 /* Frameworks */ = {
			isa = PBXFrameworksBuildPhase;
			buildActionMask = 2147483647;
			files = (
			);
			runOnlyForDeploymentPostprocessing = 0;
		};
/* End PBXFrameworksBuildPhase section */

/* Begin PBXGroup section */
		1F72776628740C5D00D7FA59 = {
			isa = PBXGroup;
			children = (
				1F72777128740C5D00D7FA59 /* prog5 */,
				1F72777028740C5D00D7FA59 /* Products */,
			);
			sourceTree = "<group>";
		};
		1F72777028740C5D00D7FA59 /* Products */ = {
			isa = PBXGroup;
			children = (
				1F72776F28740C5D00D7FA59 /* prog5 */,
			);
			name = Products;
			sourceTree = "<group>";
		};
		1F72777128740C5D00D7FA59 /* prog5 */ = {
			isa = PBXGroup;
			children = (
				1F72777228740C5D00D7FA59 /* main.m */,
				1F72777928740CFE00D7FA59 /* Fraction.h */,
				1F72777A28740CFE00D7FA59 /* Fraction.m */,
				1F72777C2874202500D7FA59 /* FractionMathOps.h */,
				1F72777D2874202500D7FA59 /* FractionMathOps.m */,
				1F72778028742A8300D7FA59 /* FractionReduce.m */,
			);
			path = prog5;
			sourceTree = "<group>";
		};
/* End PBXGroup section */

/* Begin PBXNativeTarget section */
		1F72776E28740C5D00D7FA59 /* prog5 */ = {
			isa = PBXNativeTarget;
			buildConfigurationList = 1F72777628740C5D00D7FA59 /* Build configuration list for PBXNativeTarget "prog5" */;
			buildPhases = (
				1F72776B28740C5D00D7FA59 /* Sources */,
				1F72776C28740C5D00D7FA59 /* Frameworks */,
				1F72776D28740C5D00D7FA59 /* CopyFiles */,
			);
			buildRules = (
			);
			dependencies = (
			);
			name = prog5;
			productName = prog5;
			productReference = 1F72776F28740C5D00D7FA59 /* prog5 */;
			productType = "com.apple.product-type.tool";
		};
/* End PBXNativeTarget section */

/* Begin PBXProject section */
		1F72776728740C5D00D7FA59 /* Project object */ = {
			isa = PBXProject;
			attributes = {
				BuildIndependentTargetsInParallel = 1;
				LastUpgradeCheck = 1340;
				TargetAttributes = {
					1F72776E28740C5D00D7FA59 = {
						CreatedOnToolsVersion = 13.4.1;
					};
				};
			};
			buildConfigurationList = 1F72776A28740C5D00D7FA59 /* Build configuration list for PBXProject "prog5" */;
			compatibilityVersion = "Xcode 13.0";
			developmentRegion = en;
			hasScannedForEncodings = 0;
			knownRegions = (
				en,
				Base,
			);
			mainGroup = 1F72776628740C5D00D7FA59;
			productRefGroup = 1F72777028740C5D00D7FA59 /* Products */;
			projectDirPath = "";
			projectRoot = "";
			targets = (
				1F72776E28740C5D00D7FA59 /* prog5 */,
			);
		};
/* End PBXProject section */

/* Begin PBXSourcesBuildPhase section */
		1F72776B28740C5D00D7FA59 /* Sources */ = {
			isa = PBXSourcesBuildPhase;
			buildActionMask = 2147483647;
			files = (
				1F72777328740C5D00D7FA59 /* main.m in Sources */,
				1F72778128742A8300D7FA59 /* FractionReduce.m in Sources */,
				1F72777B28740CFE00D7FA59 /* Fraction.m in Sources */,
				1F72777E2874202500D7FA59 /* FractionMathOps.m in Sources */,
			);
			runOnlyForDeploymentPostprocessing = 0;
		};
/* End PBXSourcesBuildPhase section */

/* Begin XCBuildConfiguration section */
		1F72777428740C5D00D7FA59 /* Debug */ = {
			isa = XCBuildConfiguration;
			buildSettings = {
				ALWAYS_SEARCH_USER_PATHS = NO;
				CLANG_ANALYZER_NONNULL = YES;
				CLANG_ANALYZER_NUMBER_OBJECT_CONVERSION = YES_AGGRESSIVE;
				CLANG_CXX_LANGUAGE_STANDARD = "gnu++17";
				CLANG_ENABLE_MODULES = YES;
				CLANG_ENABLE_OBJC_ARC = YES;
				CLANG_ENABLE_OBJC_WEAK = YES;
				CLANG_WARN_BLOCK_CAPTURE_AUTORELEASING = YES;
				CLANG_WARN_BOOL_CONVERSION = YES;
				CLANG_WARN_COMMA = YES;
				CLANG_WARN_CONSTANT_CONVERSION = YES;
				CLANG_WARN_DEPRECATED_OBJC_IMPLEMENTATIONS = YES;
				CLANG_WARN_DIRECT_OBJC_ISA_USAGE = YES_ERROR;
				CLANG_WARN_DOCUMENTATION_COMMENTS = YES;
				CLANG_WARN_EMPTY_BODY = YES;
				CLANG_WARN_ENUM_CONVERSION = YES;
				CLANG_WARN_INFINITE_RECURSION = YES;
				CLANG_WARN_INT_CONVERSION = YES;
				CLANG_WARN_NON_LITERAL_NULL_CONVERSION = YES;
				CLANG_WARN_OBJC_IMPLICIT_RETAIN_SELF = YES;
				CLANG_WARN_OBJC_LITERAL_CONVERSION = YES;
				CLANG_WARN_OBJC_ROOT_CLASS = YES_ERROR;
				CLANG_WARN_QUOTED_INCLUDE_IN_FRAMEWORK_HEADER = YES;
				CLANG_WARN_RANGE_LOOP_ANALYSIS = YES;
				CLANG_WARN_STRICT_PROTOTYPES = YES;
				CLANG_WARN_SUSPICIOUS_MOVE = YES;
				CLANG_WARN_UNGUARDED_AVAILABILITY = YES_AGGRESSIVE;
				CLANG_WARN_UNREACHABLE_CODE = YES;
				CLANG_WARN__DUPLICATE_METHOD_MATCH = YES;
				COPY_PHASE_STRIP = NO;
				DEBUG_INFORMATION_FORMAT = dwarf;
				ENABLE_STRICT_OBJC_MSGSEND = YES;
				ENABLE_TESTABILITY = YES;
				GCC_C_LANGUAGE_STANDARD = gnu11;
				GCC_DYNAMIC_NO_PIC = NO;
				GCC_NO_COMMON_BLOCKS = YES;
				GCC_OPTIMIZATION_LEVEL = 0;
				GCC_PREPROCESSOR_DEFINITIONS = (
					"DEBUG=1",
					"$(inherited)",
				);
				GCC_WARN_64_TO_32_BIT_CONVERSION = YES;
				GCC_WARN_ABOUT_RETURN_TYPE = YES_ERROR;
				GCC_WARN_UNDECLARED_SELECTOR = YES;
				GCC_WARN_UNINITIALIZED_AUTOS = YES_AGGRESSIVE;
				GCC_WARN_UNUSED_FUNCTION = YES;
				GCC_WARN_UNUSED_VARIABLE = YES;
				MACOSX_DEPLOYMENT_TARGET = 12.2;
				MTL_ENABLE_DEBUG_INFO = INCLUDE_SOURCE;
				MTL_FAST_MATH = YES;
				ONLY_ACTIVE_ARCH = YES;
				SDKROOT = macosx;
			};
			name = Debug;
		};
		1F72777528740C5D00D7FA59 /* Release */ = {
			isa = XCBuildConfiguration;
			buildSettings = {
				ALWAYS_SEARCH_USER_PATHS = NO;
				CLANG_ANALYZER_NONNULL = YES;
				CLANG_ANALYZER_NUMBER_OBJECT_CONVERSION = YES_AGGRESSIVE;
				CLANG_CXX_LANGUAGE_STANDARD = "gnu++17";
				CLANG_ENABLE_MODULES = YES;
				CLANG_ENABLE_OBJC_ARC = YES;
				CLANG_ENABLE_OBJC_WEAK = YES;
				CLANG_WARN_BLOCK_CAPTURE_AUTORELEASING = YES;
				CLANG_WARN_BOOL_CONVERSION = YES;
				CLANG_WARN_COMMA = YES;
				CLANG_WARN_CONSTANT_CONVERSION = YES;
				CLANG_WARN_DEPRECATED_OBJC_IMPLEMENTATIONS = YES;
				CLANG_WARN_DIRECT_OBJC_ISA_USAGE = YES_ERROR;
				CLANG_WARN_DOCUMENTATION_COMMENTS = YES;
				CLANG_WARN_EMPTY_BODY = YES;
				CLANG_WARN_ENUM_CONVERSION = YES;
				CLANG_WARN_INFINITE_RECURSION = YES;
				CLANG_WARN_INT_CONVERSION = YES;
				CLANG_WARN_NON_LITERAL_NULL_CONVERSION = YES;
				CLANG_WARN_OBJC_IMPLICIT_RETAIN_SELF = YES;
				CLANG_WARN_OBJC_LITERAL_CONVERSION = YES;
				CLANG_WARN_OBJC_ROOT_CLASS = YES_ERROR;
				CLANG_WARN_QUOTED_INCLUDE_IN_FRAMEWORK_HEADER = YES;
				CLANG_WARN_RANGE_LOOP_ANALYSIS = YES;
				CLANG_WARN_STRICT_PROTOTYPES = YES;
				CLANG_WARN_SUSPICIOUS_MOVE = YES;
				CLANG_WARN_UNGUARDED_AVAILABILITY = YES_AGGRESSIVE;
				CLANG_WARN_UNREACHABLE_CODE = YES;
				CLANG_WARN__DUPLICATE_METHOD_MATCH = YES;
				COPY_PHASE_STRIP = NO;
				DEBUG_INFORMATION_FORMAT = "dwarf-with-dsym";
				ENABLE_NS_ASSERTIONS = NO;
				ENABLE_STRICT_OBJC_MSGSEND = YES;
				GCC_C_LANGUAGE_STANDARD = gnu11;
				GCC_NO_COMMON_BLOCKS = YES;
				GCC_WARN_64_TO_32_BIT_CONVERSION = YES;
				GCC_WARN_ABOUT_RETURN_TYPE = YES_ERROR;
				GCC_WARN_UNDECLARED_SELECTOR = YES;
				GCC_WARN_UNINITIALIZED_AUTOS = YES_AGGRESSIVE;
				GCC_WARN_UNUSED_FUNCTION = YES;
				GCC_WARN_UNUSED_VARIABLE = YES;
				MACOSX_DEPLOYMENT_TARGET = 12.2;
				MTL_ENABLE_DEBUG_INFO = NO;
				MTL_FAST_MATH = YES;
				SDKROOT = macosx;
			};
			name = Release;
		};
		1F72777728740C5D00D7FA59 /* Debug */ = {
			isa = XCBuildConfiguration;
			buildSettings = {
				CODE_SIGN_STYLE = Automatic;
				PRODUCT_NAME = "$(TARGET_NAME)";
			};
			name = Debug;
		};
		1F72777828740C5D00D7FA59 /* Release */ = {
			isa = XCBuildConfiguration;
			buildSettings = {
				CODE_SIGN_STYLE = Automatic;
				PRODUCT_NAME = "$(TARGET_NAME)";
			};
			name = Release;
		};
/* End XCBuildConfiguration section */

/* Begin XCConfigurationList section */
		1F72776A28740C5D00D7FA59 /* Build configuration list for PBXProject "prog5" */ = {
			isa = XCConfigurationList;
			buildConfigurations = (
				1F72777428740C5D00D7FA59 /* Debug */,
				1F72777528740C5D00D7FA59 /* Release */,
			);
			defaultConfigurationIsVisible = 0;
			defaultConfigurationName = Release;
		};
		1F72777628740C5D00D7FA59 /* Build configuration list for PBXNativeTarget "prog5" */ = {
			isa = XCConfigurationList;
			buildConfigurations = (
				1F72777728740C5D00D7FA59 /* Debug */,
				1F72777828740C5D00D7FA59 /* Release */,
			);
			defaultConfigurationIsVisible = 0;
			defaultConfigurationName = Release;
		};
/* End XCConfigurationList section */
	};
	rootObject = 1F72776728740C5D00D7FA59 /* Project object */;
}
